
Microsoft Visual Studio Solution File, Format Version 12.00
Project("{FAE04EC0-301F-11D3-BF4B-00C04F79EFBC}") = "1046LastStoneWeight", "1046LastStoneWeight\1046LastStoneWeight.csproj", "{4674E87A-CE02-462C-8A3A-AAF1B5944F21}"
EndProject
Global
	GlobalSection(SolutionConfigurationPlatforms) = preSolution
		Debug|Any CPU = Debug|Any CPU
		Release|Any CPU = Release|Any CPU
	EndGlobalSection
	GlobalSection(ProjectConfigurationPlatforms) = postSolution
		{4674E87A-CE02-462C-8A3A-AAF1B5944F21}.Debug|Any CPU.ActiveCfg = Debug|Any CPU
		{4674E87A-CE02-462C-8A3A-AAF1B5944F21}.Debug|Any CPU.Build.0 = Debug|Any CPU
		{4674E87A-CE02-462C-8A3A-AAF1B5944F21}.Release|Any CPU.ActiveCfg = Release|Any CPU
		{4674E87A-CE02-462C-8A3A-AAF1B5944F21}.Release|Any CPU.Build.0 = Release|Any CPU
	EndGlobalSection
EndGlobal
